
Microsoft Visual Studio Solution File, Format Version 12.00
# Visual Studio 15
VisualStudioVersion = 15.0.28010.2046
MinimumVisualStudioVersion = 10.0.40219.1
Project("{FAE04EC0-301F-11D3-BF4B-00C04F79EFBC}") = "Rs.DHP", "Rs.DHP\Rs.DHP.csproj", "{EADB922F-EF31-4198-84B1-3A091315E9BD}"
EndProject
Global
	GlobalSection(SolutionConfigurationPlatforms) = preSolution
		Debug|Any CPU = Debug|Any CPU
		Release|Any CPU = Release|Any CPU
	EndGlobalSection
	GlobalSection(ProjectConfigurationPlatforms) = postSolution
		{EADB922F-EF31-4198-84B1-3A091315E9BD}.Debug|Any CPU.ActiveCfg = Debug|Any CPU
		{EADB922F-EF31-4198-84B1-3A091315E9BD}.Debug|Any CPU.Build.0 = Debug|Any CPU
		{EADB922F-EF31-4198-84B1-3A091315E9BD}.Release|Any CPU.ActiveCfg = Release|Any CPU
		{EADB922F-EF31-4198-84B1-3A091315E9BD}.Release|Any CPU.Build.0 = Release|Any CPU
	EndGlobalSection
	GlobalSection(SolutionProperties) = preSolution
		HideSolutionNode = FALSE
	EndGlobalSection
	GlobalSection(ExtensibilityGlobals) = postSolution
		SolutionGuid = {A9187514-75E1-415E-9B89-CA7AE7C981B4}
	EndGlobalSection
EndGlobal
