
Microsoft Visual Studio Solution File, Format Version 12.00
# Visual Studio 15
VisualStudioVersion = 15.0.28010.2046
MinimumVisualStudioVersion = 10.0.40219.1
Project("{9A19103F-16F7-4668-BE54-9A1E7A4F7556}") = "Rs.DHP", "Rs.DHP\Rs.DHP.csproj", "{7BADB125-534C-4B1A-9921-A20C2EDD0DDE}"
EndProject
Project("{9A19103F-16F7-4668-BE54-9A1E7A4F7556}") = "Rs.DCV", "Rs.DCV\Rs.DCV.csproj", "{A4F5696D-537C-4A2F-95B6-B7D630FA517B}"
EndProject
Project("{FAE04EC0-301F-11D3-BF4B-00C04F79EFBC}") = "Rs.Std", "Rs.Std\Rs.Std.csproj", "{00A44140-7EEE-4C3B-B130-EFDB61A9E9E0}"
EndProject
Global
	GlobalSection(SolutionConfigurationPlatforms) = preSolution
		Debug|Any CPU = Debug|Any CPU
		Release|Any CPU = Release|Any CPU
	EndGlobalSection
	GlobalSection(ProjectConfigurationPlatforms) = postSolution
		{7BADB125-534C-4B1A-9921-A20C2EDD0DDE}.Debug|Any CPU.ActiveCfg = Debug|Any CPU
		{7BADB125-534C-4B1A-9921-A20C2EDD0DDE}.Debug|Any CPU.Build.0 = Debug|Any CPU
		{7BADB125-534C-4B1A-9921-A20C2EDD0DDE}.Release|Any CPU.ActiveCfg = Release|Any CPU
		{7BADB125-534C-4B1A-9921-A20C2EDD0DDE}.Release|Any CPU.Build.0 = Release|Any CPU
		{A4F5696D-537C-4A2F-95B6-B7D630FA517B}.Debug|Any CPU.ActiveCfg = Debug|Any CPU
		{A4F5696D-537C-4A2F-95B6-B7D630FA517B}.Debug|Any CPU.Build.0 = Debug|Any CPU
		{A4F5696D-537C-4A2F-95B6-B7D630FA517B}.Release|Any CPU.ActiveCfg = Release|Any CPU
		{A4F5696D-537C-4A2F-95B6-B7D630FA517B}.Release|Any CPU.Build.0 = Release|Any CPU
		{00A44140-7EEE-4C3B-B130-EFDB61A9E9E0}.Debug|Any CPU.ActiveCfg = Debug|Any CPU
		{00A44140-7EEE-4C3B-B130-EFDB61A9E9E0}.Debug|Any CPU.Build.0 = Debug|Any CPU
		{00A44140-7EEE-4C3B-B130-EFDB61A9E9E0}.Release|Any CPU.ActiveCfg = Release|Any CPU
		{00A44140-7EEE-4C3B-B130-EFDB61A9E9E0}.Release|Any CPU.Build.0 = Release|Any CPU
	EndGlobalSection
	GlobalSection(SolutionProperties) = preSolution
		HideSolutionNode = FALSE
	EndGlobalSection
	GlobalSection(ExtensibilityGlobals) = postSolution
		SolutionGuid = {A9187514-75E1-415E-9B89-CA7AE7C981B4}
	EndGlobalSection
EndGlobal
